
Microsoft Visual Studio Solution File, Format Version 12.00
# Visual Studio Version 16
VisualStudioVersion = 16.0.30523.141
MinimumVisualStudioVersion = 10.0.40219.1
Project("{FAE04EC0-301F-11D3-BF4B-00C04F79EFBC}") = "Calculator.Android", "Calculator\Calculator.Android\Calculator.Android.csproj", "{255CC812-ED56-49E2-AB8F-4E9F165955D4}"
EndProject
Project("{FAE04EC0-301F-11D3-BF4B-00C04F79EFBC}") = "Calculator.iOS", "Calculator\Calculator.iOS\Calculator.iOS.csproj", "{08DA78A4-1E31-4F98-8E90-B9724952A67E}"
EndProject
Project("{FAE04EC0-301F-11D3-BF4B-00C04F79EFBC}") = "Calculator", "Calculator\Calculator\Calculator.csproj", "{A408F696-121F-4933-A256-F080C6534640}"
EndProject
Global
	GlobalSection(SolutionConfigurationPlatforms) = preSolution
		Debug|Any CPU = Debug|Any CPU
		Debug|iPhone = Debug|iPhone
		Debug|iPhoneSimulator = Debug|iPhoneSimulator
		Release|Any CPU = Release|Any CPU
		Release|iPhone = Release|iPhone
		Release|iPhoneSimulator = Release|iPhoneSimulator
	EndGlobalSection
	GlobalSection(ProjectConfigurationPlatforms) = postSolution
		{255CC812-ED56-49E2-AB8F-4E9F165955D4}.Debug|Any CPU.ActiveCfg = Debug|Any CPU
		{255CC812-ED56-49E2-AB8F-4E9F165955D4}.Debug|Any CPU.Build.0 = Debug|Any CPU
		{255CC812-ED56-49E2-AB8F-4E9F165955D4}.Debug|Any CPU.Deploy.0 = Debug|Any CPU
		{255CC812-ED56-49E2-AB8F-4E9F165955D4}.Debug|iPhone.ActiveCfg = Debug|Any CPU
		{255CC812-ED56-49E2-AB8F-4E9F165955D4}.Debug|iPhone.Build.0 = Debug|Any CPU
		{255CC812-ED56-49E2-AB8F-4E9F165955D4}.Debug|iPhone.Deploy.0 = Debug|Any CPU
		{255CC812-ED56-49E2-AB8F-4E9F165955D4}.Debug|iPhoneSimulator.ActiveCfg = Debug|Any CPU
		{255CC812-ED56-49E2-AB8F-4E9F165955D4}.Debug|iPhoneSimulator.Build.0 = Debug|Any CPU
		{255CC812-ED56-49E2-AB8F-4E9F165955D4}.Debug|iPhoneSimulator.Deploy.0 = Debug|Any CPU
		{255CC812-ED56-49E2-AB8F-4E9F165955D4}.Release|Any CPU.ActiveCfg = Release|Any CPU
		{255CC812-ED56-49E2-AB8F-4E9F165955D4}.Release|Any CPU.Build.0 = Release|Any CPU
		{255CC812-ED56-49E2-AB8F-4E9F165955D4}.Release|Any CPU.Deploy.0 = Release|Any CPU
		{255CC812-ED56-49E2-AB8F-4E9F165955D4}.Release|iPhone.ActiveCfg = Release|Any CPU
		{255CC812-ED56-49E2-AB8F-4E9F165955D4}.Release|iPhone.Build.0 = Release|Any CPU
		{255CC812-ED56-49E2-AB8F-4E9F165955D4}.Release|iPhone.Deploy.0 = Release|Any CPU
		{255CC812-ED56-49E2-AB8F-4E9F165955D4}.Release|iPhoneSimulator.ActiveCfg = Release|Any CPU
		{255CC812-ED56-49E2-AB8F-4E9F165955D4}.Release|iPhoneSimulator.Build.0 = Release|Any CPU
		{255CC812-ED56-49E2-AB8F-4E9F165955D4}.Release|iPhoneSimulator.Deploy.0 = Release|Any CPU
		{08DA78A4-1E31-4F98-8E90-B9724952A67E}.Debug|Any CPU.ActiveCfg = Debug|iPhone
		{08DA78A4-1E31-4F98-8E90-B9724952A67E}.Debug|Any CPU.Build.0 = Debug|iPhone
		{08DA78A4-1E31-4F98-8E90-B9724952A67E}.Debug|Any CPU.Deploy.0 = Debug|iPhone
		{08DA78A4-1E31-4F98-8E90-B9724952A67E}.Debug|iPhone.ActiveCfg = Debug|iPhone
		{08DA78A4-1E31-4F98-8E90-B9724952A67E}.Debug|iPhone.Build.0 = Debug|iPhone
		{08DA78A4-1E31-4F98-8E90-B9724952A67E}.Debug|iPhone.Deploy.0 = Debug|iPhone
		{08DA78A4-1E31-4F98-8E90-B9724952A67E}.Debug|iPhoneSimulator.ActiveCfg = Debug|iPhoneSimulator
		{08DA78A4-1E31-4F98-8E90-B9724952A67E}.Debug|iPhoneSimulator.Build.0 = Debug|iPhoneSimulator
		{08DA78A4-1E31-4F98-8E90-B9724952A67E}.Debug|iPhoneSimulator.Deploy.0 = Debug|iPhoneSimulator
		{08DA78A4-1E31-4F98-8E90-B9724952A67E}.Release|Any CPU.ActiveCfg = Release|iPhoneSimulator
		{08DA78A4-1E31-4F98-8E90-B9724952A67E}.Release|Any CPU.Build.0 = Release|iPhoneSimulator
		{08DA78A4-1E31-4F98-8E90-B9724952A67E}.Release|Any CPU.Deploy.0 = Release|iPhoneSimulator
		{08DA78A4-1E31-4F98-8E90-B9724952A67E}.Release|iPhone.ActiveCfg = Release|iPhone
		{08DA78A4-1E31-4F98-8E90-B9724952A67E}.Release|iPhone.Build.0 = Release|iPhone
		{08DA78A4-1E31-4F98-8E90-B9724952A67E}.Release|iPhone.Deploy.0 = Release|iPhone
		{08DA78A4-1E31-4F98-8E90-B9724952A67E}.Release|iPhoneSimulator.ActiveCfg = Release|iPhoneSimulator
		{08DA78A4-1E31-4F98-8E90-B9724952A67E}.Release|iPhoneSimulator.Build.0 = Release|iPhoneSimulator
		{08DA78A4-1E31-4F98-8E90-B9724952A67E}.Release|iPhoneSimulator.Deploy.0 = Release|iPhoneSimulator
		{A408F696-121F-4933-A256-F080C6534640}.Debug|Any CPU.ActiveCfg = Debug|Any CPU
		{A408F696-121F-4933-A256-F080C6534640}.Debug|Any CPU.Build.0 = Debug|Any CPU
		{A408F696-121F-4933-A256-F080C6534640}.Debug|Any CPU.Deploy.0 = Debug|Any CPU
		{A408F696-121F-4933-A256-F080C6534640}.Debug|iPhone.ActiveCfg = Debug|Any CPU
		{A408F696-121F-4933-A256-F080C6534640}.Debug|iPhone.Build.0 = Debug|Any CPU
		{A408F696-121F-4933-A256-F080C6534640}.Debug|iPhone.Deploy.0 = Debug|Any CPU
		{A408F696-121F-4933-A256-F080C6534640}.Debug|iPhoneSimulator.ActiveCfg = Debug|Any CPU
		{A408F696-121F-4933-A256-F080C6534640}.Debug|iPhoneSimulator.Build.0 = Debug|Any CPU
		{A408F696-121F-4933-A256-F080C6534640}.Debug|iPhoneSimulator.Deploy.0 = Debug|Any CPU
		{A408F696-121F-4933-A256-F080C6534640}.Release|Any CPU.ActiveCfg = Release|Any CPU
		{A408F696-121F-4933-A256-F080C6534640}.Release|Any CPU.Build.0 = Release|Any CPU
		{A408F696-121F-4933-A256-F080C6534640}.Release|Any CPU.Deploy.0 = Release|Any CPU
		{A408F696-121F-4933-A256-F080C6534640}.Release|iPhone.ActiveCfg = Release|Any CPU
		{A408F696-121F-4933-A256-F080C6534640}.Release|iPhone.Build.0 = Release|Any CPU
		{A408F696-121F-4933-A256-F080C6534640}.Release|iPhone.Deploy.0 = Release|Any CPU
		{A408F696-121F-4933-A256-F080C6534640}.Release|iPhoneSimulator.ActiveCfg = Release|Any CPU
		{A408F696-121F-4933-A256-F080C6534640}.Release|iPhoneSimulator.Build.0 = Release|Any CPU
		{A408F696-121F-4933-A256-F080C6534640}.Release|iPhoneSimulator.Deploy.0 = Release|Any CPU
	EndGlobalSection
	GlobalSection(SolutionProperties) = preSolution
		HideSolutionNode = FALSE
	EndGlobalSection
	GlobalSection(ExtensibilityGlobals) = postSolution
		SolutionGuid = {5813D144-F3D6-42DF-B2FE-5E07D15EEDF5}
	EndGlobalSection
EndGlobal
